# THIS IS AN AUTOGENERATED FILE. DO NOT EDIT THIS FILE DIRECTLY.
# yarn lockfile v1


react-native-fade@^1.0.3:
  version "1.0.3"
  resolved "https://registry.yarnpkg.com/react-native-fade/-/react-native-fade-1.0.3.tgz#e27cd5a75c0d09a9ee82d854fb3851006c228d23"
  integrity sha512-MVqjYVxzuUBDjkgMygZKJIkrsM3WI1SqwFc+7nTR72bUcn6HpqCDHH5ZfUT2H5dqKDtndvNkRtNER9PZr9yGTA==

react-native-iphone-x-helper@^1.2.0:
  version "1.2.0"
  resolved "https://registry.yarnpkg.com/react-native-iphone-x-helper/-/react-native-iphone-x-helper-1.2.0.tgz#9f8a376eb00bc712115abff4420318a0063fa796"
